
Microsoft Visual Studio Solution File, Format Version 12.00
# Visual Studio Version 16
VisualStudioVersion = 16.0.29025.244
MinimumVisualStudioVersion = 10.0.40219.1
Project("{FAE04EC0-301F-11D3-BF4B-00C04F79EFBC}") = "TypeLess.Mail.ConsoleTest", "TypeLess.Mail.ConsoleTest\TypeLess.Mail.ConsoleTest.csproj", "{30D6E6C1-2F02-41EB-B524-F718002D3489}"
EndProject
Project("{FAE04EC0-301F-11D3-BF4B-00C04F79EFBC}") = "TypeLess.Mail", "TypeLess.Mail\TypeLess.Mail.csproj", "{293F6F24-F78C-490A-A4C0-8DF0DE5FBF29}"
EndProject
Global
	GlobalSection(SolutionConfigurationPlatforms) = preSolution
		Debug|Any CPU = Debug|Any CPU
		Release|Any CPU = Release|Any CPU
	EndGlobalSection
	GlobalSection(ProjectConfigurationPlatforms) = postSolution
		{30D6E6C1-2F02-41EB-B524-F718002D3489}.Debug|Any CPU.ActiveCfg = Debug|Any CPU
		{30D6E6C1-2F02-41EB-B524-F718002D3489}.Debug|Any CPU.Build.0 = Debug|Any CPU
		{30D6E6C1-2F02-41EB-B524-F718002D3489}.Release|Any CPU.ActiveCfg = Release|Any CPU
		{30D6E6C1-2F02-41EB-B524-F718002D3489}.Release|Any CPU.Build.0 = Release|Any CPU
		{293F6F24-F78C-490A-A4C0-8DF0DE5FBF29}.Debug|Any CPU.ActiveCfg = Debug|Any CPU
		{293F6F24-F78C-490A-A4C0-8DF0DE5FBF29}.Debug|Any CPU.Build.0 = Debug|Any CPU
		{293F6F24-F78C-490A-A4C0-8DF0DE5FBF29}.Release|Any CPU.ActiveCfg = Release|Any CPU
		{293F6F24-F78C-490A-A4C0-8DF0DE5FBF29}.Release|Any CPU.Build.0 = Release|Any CPU
	EndGlobalSection
	GlobalSection(SolutionProperties) = preSolution
		HideSolutionNode = FALSE
	EndGlobalSection
	GlobalSection(ExtensibilityGlobals) = postSolution
		SolutionGuid = {05EDC992-2B3C-44AA-941D-02FF5F5EA162}
	EndGlobalSection
EndGlobal
